{
  "originHash" : "9d514f78689aebbc7d632682de3b7d2f15dc43b006d47cb0650c98d174c8faed",
  "pins" : [
    {
      "identity" : "onesignal-ios-sdk",
      "kind" : "remoteSourceControl",
      "location" : "https://github.com/OneSignal/OneSignal-iOS-SDK",
      "state" : {
        "revision" : "eaddea701f04d5a572c7835dfbed493d695c736a",
        "version" : "5.5.1"
      }
    }
  ],
  "version" : 3
}
